// !$*UTF8*$!
{
	archiveVersion = 1;
	classes = {
	};
	objectVersion = 46;
	objects = {

/* Begin PBXBuildFile section */
		927762C8ED680BCFB8DBD98D /* Pods_kushimemo.framework in Frameworks */ = {isa = PBXBuildFile; fileRef = D4A10F33318978A30CD71957 /* Pods_kushimemo.framework */; };
		96B34ED01ED9071800BE1659 /* AppDelegate.swift in Sources */ = {isa = PBXBuildFile; fileRef = 96B34ECF1ED9071800BE1659 /* AppDelegate.swift */; };
		96B34ED71ED9071800BE1659 /* Assets.xcassets in Resources */ = {isa = PBXBuildFile; fileRef = 96B34ED61ED9071800BE1659 /* Assets.xcassets */; };
		96B34EDA1ED9071800BE1659 /* LaunchScreen.storyboard in Resources */ = {isa = PBXBuildFile; fileRef = 96B34ED81ED9071800BE1659 /* LaunchScreen.storyboard */; };
		96B34EFD1ED9092000BE1659 /* Striing+Lines.swift in Sources */ = {isa = PBXBuildFile; fileRef = 96B34EFC1ED9092000BE1659 /* Striing+Lines.swift */; };
		96B34EFF1ED9099900BE1659 /* Striing+LinesTests.swift in Sources */ = {isa = PBXBuildFile; fileRef = 96B34EFE1ED9099900BE1659 /* Striing+LinesTests.swift */; };
		96B34F011ED909DB00BE1659 /* MemoViewController.swift in Sources */ = {isa = PBXBuildFile; fileRef = 96B34F001ED909DB00BE1659 /* MemoViewController.swift */; };
		96B34F031ED90A0400BE1659 /* RealmDaoHelper.swift in Sources */ = {isa = PBXBuildFile; fileRef = 96B34F021ED90A0400BE1659 /* RealmDaoHelper.swift */; };
		96B34F051ED90A2E00BE1659 /* MemoModel.swift in Sources */ = {isa = PBXBuildFile; fileRef = 96B34F041ED90A2E00BE1659 /* MemoModel.swift */; };
		96B34F071ED90A4700BE1659 /* MemoDao.swift in Sources */ = {isa = PBXBuildFile; fileRef = 96B34F061ED90A4700BE1659 /* MemoDao.swift */; };
		96B34F091ED90A6E00BE1659 /* MemoListViewController.swift in Sources */ = {isa = PBXBuildFile; fileRef = 96B34F081ED90A6E00BE1659 /* MemoListViewController.swift */; };
		96B34F0B1ED90A9B00BE1659 /* Constants.swift in Sources */ = {isa = PBXBuildFile; fileRef = 96B34F0A1ED90A9B00BE1659 /* Constants.swift */; };
		96B34F0D1ED90AB400BE1659 /* Localizable.strings in Resources */ = {isa = PBXBuildFile; fileRef = 96B34F0C1ED90AB400BE1659 /* Localizable.strings */; };
		96B34F0F1ED90AD700BE1659 /* MemoListTableViewCell.swift in Sources */ = {isa = PBXBuildFile; fileRef = 96B34F0E1ED90AD700BE1659 /* MemoListTableViewCell.swift */; };
		96B34F111ED90AF900BE1659 /* MemoListTableViewProvider.swift in Sources */ = {isa = PBXBuildFile; fileRef = 96B34F101ED90AF900BE1659 /* MemoListTableViewProvider.swift */; };
		96B34F131ED90B2D00BE1659 /* MemoListViewControllerTests.swift in Sources */ = {isa = PBXBuildFile; fileRef = 96B34F121ED90B2D00BE1659 /* MemoListViewControllerTests.swift */; };
		96B34F151ED90B5800BE1659 /* MemoViewControllerTests.swift in Sources */ = {isa = PBXBuildFile; fileRef = 96B34F141ED90B5800BE1659 /* MemoViewControllerTests.swift */; };
		96B34F171ED90B7D00BE1659 /* MocMemoListViewController.swift in Sources */ = {isa = PBXBuildFile; fileRef = 96B34F161ED90B7D00BE1659 /* MocMemoListViewController.swift */; };
		96B34F191ED90B9A00BE1659 /* MemoDaoTests.swift in Sources */ = {isa = PBXBuildFile; fileRef = 96B34F181ED90B9A00BE1659 /* MemoDaoTests.swift */; };
		96B34F1B1ED90BBC00BE1659 /* MemoModelTests.swift in Sources */ = {isa = PBXBuildFile; fileRef = 96B34F1A1ED90BBC00BE1659 /* MemoModelTests.swift */; };
		96B34F1F1ED90C0500BE1659 /* MemoListTableViewCellTests.swift in Sources */ = {isa = PBXBuildFile; fileRef = 96B34F1E1ED90C0500BE1659 /* MemoListTableViewCellTests.swift */; };
		96B34F211ED90C3000BE1659 /* MemoListTableViewProviderTests.swift in Sources */ = {isa = PBXBuildFile; fileRef = 96B34F201ED90C3000BE1659 /* MemoListTableViewProviderTests.swift */; };
		96B34F231ED90C5500BE1659 /* MemoListViewController.storyboard in Resources */ = {isa = PBXBuildFile; fileRef = 96B34F221ED90C5500BE1659 /* MemoListViewController.storyboard */; };
		96B34F251ED90F8100BE1659 /* MemoViewController.storyboard in Resources */ = {isa = PBXBuildFile; fileRef = 96B34F241ED90F8100BE1659 /* MemoViewController.storyboard */; };
		AA6C1C08A04574BA692DEA48 /* Pods_kushimemoTests.framework in Frameworks */ = {isa = PBXBuildFile; fileRef = 89B0D76D5A3E8825ED513241 /* Pods_kushimemoTests.framework */; };
/* End PBXBuildFile section */

/* Begin PBXContainerItemProxy section */
		96B34EE11ED9071800BE1659 /* PBXContainerItemProxy */ = {
			isa = PBXContainerItemProxy;
			containerPortal = 96B34EC41ED9071800BE1659 /* Project object */;
			proxyType = 1;
			remoteGlobalIDString = 96B34ECB1ED9071800BE1659;
			remoteInfo = kushimemo;
		};
/* End PBXContainerItemProxy section */

/* Begin PBXFileReference section */
		0CA55A67E31EEDA001A5E1D9 /* Pods-kushimemoTests.release.xcconfig */ = {isa = PBXFileReference; includeInIndex = 1; lastKnownFileType = text.xcconfig; name = "Pods-kushimemoTests.release.xcconfig"; path = "Pods/Target Support Files/Pods-kushimemoTests/Pods-kushimemoTests.release.xcconfig"; sourceTree = "<group>"; };
		7ED58E39CFBFC53A57D2A9FE /* Pods-kushimemo.release.xcconfig */ = {isa = PBXFileReference; includeInIndex = 1; lastKnownFileType = text.xcconfig; name = "Pods-kushimemo.release.xcconfig"; path = "Pods/Target Support Files/Pods-kushimemo/Pods-kushimemo.release.xcconfig"; sourceTree = "<group>"; };
		863B739677A771A0914A0803 /* Pods-kushimemo.debug.xcconfig */ = {isa = PBXFileReference; includeInIndex = 1; lastKnownFileType = text.xcconfig; name = "Pods-kushimemo.debug.xcconfig"; path = "Pods/Target Support Files/Pods-kushimemo/Pods-kushimemo.debug.xcconfig"; sourceTree = "<group>"; };
		89B0D76D5A3E8825ED513241 /* Pods_kushimemoTests.framework */ = {isa = PBXFileReference; explicitFileType = wrapper.framework; includeInIndex = 0; path = Pods_kushimemoTests.framework; sourceTree = BUILT_PRODUCTS_DIR; };
		96B34ECC1ED9071800BE1659 /* kushimemo.app */ = {isa = PBXFileReference; explicitFileType = wrapper.application; includeInIndex = 0; path = kushimemo.app; sourceTree = BUILT_PRODUCTS_DIR; };
		96B34ECF1ED9071800BE1659 /* AppDelegate.swift */ = {isa = PBXFileReference; lastKnownFileType = sourcecode.swift; path = AppDelegate.swift; sourceTree = "<group>"; };
		96B34ED61ED9071800BE1659 /* Assets.xcassets */ = {isa = PBXFileReference; lastKnownFileType = folder.assetcatalog; path = Assets.xcassets; sourceTree = "<group>"; };
		96B34ED91ED9071800BE1659 /* Base */ = {isa = PBXFileReference; lastKnownFileType = file.storyboard; name = Base; path = Base.lproj/LaunchScreen.storyboard; sourceTree = "<group>"; };
		96B34EDB1ED9071800BE1659 /* Info.plist */ = {isa = PBXFileReference; lastKnownFileType = text.plist.xml; path = Info.plist; sourceTree = "<group>"; };
		96B34EE01ED9071800BE1659 /* kushimemoTests.xctest */ = {isa = PBXFileReference; explicitFileType = wrapper.cfbundle; includeInIndex = 0; path = kushimemoTests.xctest; sourceTree = BUILT_PRODUCTS_DIR; };
		96B34EE61ED9071800BE1659 /* Info.plist */ = {isa = PBXFileReference; lastKnownFileType = text.plist.xml; path = Info.plist; sourceTree = "<group>"; };
		96B34EFC1ED9092000BE1659 /* Striing+Lines.swift */ = {isa = PBXFileReference; fileEncoding = 4; lastKnownFileType = sourcecode.swift; path = "Striing+Lines.swift"; sourceTree = "<group>"; };
		96B34EFE1ED9099900BE1659 /* Striing+LinesTests.swift */ = {isa = PBXFileReference; fileEncoding = 4; lastKnownFileType = sourcecode.swift; path = "Striing+LinesTests.swift"; sourceTree = "<group>"; };
		96B34F001ED909DB00BE1659 /* MemoViewController.swift */ = {isa = PBXFileReference; fileEncoding = 4; lastKnownFileType = sourcecode.swift; path = MemoViewController.swift; sourceTree = "<group>"; };
		96B34F021ED90A0400BE1659 /* RealmDaoHelper.swift */ = {isa = PBXFileReference; fileEncoding = 4; lastKnownFileType = sourcecode.swift; path = RealmDaoHelper.swift; sourceTree = "<group>"; };
		96B34F041ED90A2E00BE1659 /* MemoModel.swift */ = {isa = PBXFileReference; fileEncoding = 4; lastKnownFileType = sourcecode.swift; path = MemoModel.swift; sourceTree = "<group>"; };
		96B34F061ED90A4700BE1659 /* MemoDao.swift */ = {isa = PBXFileReference; fileEncoding = 4; lastKnownFileType = sourcecode.swift; path = MemoDao.swift; sourceTree = "<group>"; };
		96B34F081ED90A6E00BE1659 /* MemoListViewController.swift */ = {isa = PBXFileReference; fileEncoding = 4; lastKnownFileType = sourcecode.swift; path = MemoListViewController.swift; sourceTree = "<group>"; };
		96B34F0A1ED90A9B00BE1659 /* Constants.swift */ = {isa = PBXFileReference; fileEncoding = 4; lastKnownFileType = sourcecode.swift; path = Constants.swift; sourceTree = "<group>"; };
		96B34F0C1ED90AB400BE1659 /* Localizable.strings */ = {isa = PBXFileReference; fileEncoding = 4; lastKnownFileType = text.plist.strings; path = Localizable.strings; sourceTree = "<group>"; };
		96B34F0E1ED90AD700BE1659 /* MemoListTableViewCell.swift */ = {isa = PBXFileReference; fileEncoding = 4; lastKnownFileType = sourcecode.swift; path = MemoListTableViewCell.swift; sourceTree = "<group>"; };
		96B34F101ED90AF900BE1659 /* MemoListTableViewProvider.swift */ = {isa = PBXFileReference; fileEncoding = 4; lastKnownFileType = sourcecode.swift; path = MemoListTableViewProvider.swift; sourceTree = "<group>"; };
		96B34F121ED90B2D00BE1659 /* MemoListViewControllerTests.swift */ = {isa = PBXFileReference; fileEncoding = 4; lastKnownFileType = sourcecode.swift; path = MemoListViewControllerTests.swift; sourceTree = "<group>"; };
		96B34F141ED90B5800BE1659 /* MemoViewControllerTests.swift */ = {isa = PBXFileReference; fileEncoding = 4; lastKnownFileType = sourcecode.swift; path = MemoViewControllerTests.swift; sourceTree = "<group>"; };
		96B34F161ED90B7D00BE1659 /* MocMemoListViewController.swift */ = {isa = PBXFileReference; fileEncoding = 4; lastKnownFileType = sourcecode.swift; path = MocMemoListViewController.swift; sourceTree = "<group>"; };
		96B34F181ED90B9A00BE1659 /* MemoDaoTests.swift */ = {isa = PBXFileReference; fileEncoding = 4; lastKnownFileType = sourcecode.swift; path = MemoDaoTests.swift; sourceTree = "<group>"; };
		96B34F1A1ED90BBC00BE1659 /* MemoModelTests.swift */ = {isa = PBXFileReference; fileEncoding = 4; lastKnownFileType = sourcecode.swift; path = MemoModelTests.swift; sourceTree = "<group>"; };
		96B34F1E1ED90C0500BE1659 /* MemoListTableViewCellTests.swift */ = {isa = PBXFileReference; fileEncoding = 4; lastKnownFileType = sourcecode.swift; path = MemoListTableViewCellTests.swift; sourceTree = "<group>"; };
		96B34F201ED90C3000BE1659 /* MemoListTableViewProviderTests.swift */ = {isa = PBXFileReference; fileEncoding = 4; lastKnownFileType = sourcecode.swift; path = MemoListTableViewProviderTests.swift; sourceTree = "<group>"; };
		96B34F221ED90C5500BE1659 /* MemoListViewController.storyboard */ = {isa = PBXFileReference; fileEncoding = 4; lastKnownFileType = file.storyboard; path = MemoListViewController.storyboard; sourceTree = "<group>"; };
		96B34F241ED90F8100BE1659 /* MemoViewController.storyboard */ = {isa = PBXFileReference; fileEncoding = 4; lastKnownFileType = file.storyboard; path = MemoViewController.storyboard; sourceTree = "<group>"; };
		D4A10F33318978A30CD71957 /* Pods_kushimemo.framework */ = {isa = PBXFileReference; explicitFileType = wrapper.framework; includeInIndex = 0; path = Pods_kushimemo.framework; sourceTree = BUILT_PRODUCTS_DIR; };
		FBA6E45F8D2FDA8C26F65084 /* Pods-kushimemoTests.debug.xcconfig */ = {isa = PBXFileReference; includeInIndex = 1; lastKnownFileType = text.xcconfig; name = "Pods-kushimemoTests.debug.xcconfig"; path = "Pods/Target Support Files/Pods-kushimemoTests/Pods-kushimemoTests.debug.xcconfig"; sourceTree = "<group>"; };
/* End PBXFileReference section */

/* Begin PBXFrameworksBuildPhase section */
		96B34EC91ED9071800BE1659 /* Frameworks */ = {
			isa = PBXFrameworksBuildPhase;
			buildActionMask = 2147483647;
			files = (
				927762C8ED680BCFB8DBD98D /* Pods_kushimemo.framework in Frameworks */,
			);
			runOnlyForDeploymentPostprocessing = 0;
		};
		96B34EDD1ED9071800BE1659 /* Frameworks */ = {
			isa = PBXFrameworksBuildPhase;
			buildActionMask = 2147483647;
			files = (
				AA6C1C08A04574BA692DEA48 /* Pods_kushimemoTests.framework in Frameworks */,
			);
			runOnlyForDeploymentPostprocessing = 0;
		};
/* End PBXFrameworksBuildPhase section */

/* Begin PBXGroup section */
		4A844B832C7C1052007E1F89 /* Pods */ = {
			isa = PBXGroup;
			children = (
				863B739677A771A0914A0803 /* Pods-kushimemo.debug.xcconfig */,
				7ED58E39CFBFC53A57D2A9FE /* Pods-kushimemo.release.xcconfig */,
				FBA6E45F8D2FDA8C26F65084 /* Pods-kushimemoTests.debug.xcconfig */,
				0CA55A67E31EEDA001A5E1D9 /* Pods-kushimemoTests.release.xcconfig */,
			);
			name = Pods;
			sourceTree = "<group>";
		};
		7BD58F823588263A00666A72 /* Frameworks */ = {
			isa = PBXGroup;
			children = (
				D4A10F33318978A30CD71957 /* Pods_kushimemo.framework */,
				89B0D76D5A3E8825ED513241 /* Pods_kushimemoTests.framework */,
			);
			name = Frameworks;
			sourceTree = "<group>";
		};
		96B34EC31ED9071800BE1659 = {
			isa = PBXGroup;
			children = (
				96B34ECE1ED9071800BE1659 /* kushimemo */,
				96B34EE31ED9071800BE1659 /* kushimemoTests */,
				96B34ECD1ED9071800BE1659 /* Products */,
				4A844B832C7C1052007E1F89 /* Pods */,
				7BD58F823588263A00666A72 /* Frameworks */,
			);
			sourceTree = "<group>";
		};
		96B34ECD1ED9071800BE1659 /* Products */ = {
			isa = PBXGroup;
			children = (
				96B34ECC1ED9071800BE1659 /* kushimemo.app */,
				96B34EE01ED9071800BE1659 /* kushimemoTests.xctest */,
			);
			name = Products;
			sourceTree = "<group>";
		};
		96B34ECE1ED9071800BE1659 /* kushimemo */ = {
			isa = PBXGroup;
			children = (
				96B34EEF1ED9080F00BE1659 /* Controllers */,
				96B34EF01ED9081F00BE1659 /* Helpers */,
				96B34EF11ED9082C00BE1659 /* Models */,
				96B34EF21ED9083700BE1659 /* Others */,
				96B34EF31ED9084100BE1659 /* Utils */,
				96B34EF41ED9084900BE1659 /* Views */,
				96B34EDB1ED9071800BE1659 /* Info.plist */,
			);
			path = kushimemo;
			sourceTree = "<group>";
		};
		96B34EE31ED9071800BE1659 /* kushimemoTests */ = {
			isa = PBXGroup;
			children = (
				96B34EFB1ED908DF00BE1659 /* Controllers */,
				96B34EFA1ED908D600BE1659 /* Moc */,
				96B34EF91ED908CC00BE1659 /* Models */,
				96B34EF81ED908C200BE1659 /* Utils */,
				96B34EF71ED908BA00BE1659 /* Views */,
				96B34EE61ED9071800BE1659 /* Info.plist */,
			);
			path = kushimemoTests;
			sourceTree = "<group>";
		};
		96B34EEF1ED9080F00BE1659 /* Controllers */ = {
			isa = PBXGroup;
			children = (
				96B34EF61ED9086000BE1659 /* Memo */,
				96B34EF51ED9085800BE1659 /* MemoList */,
			);
			name = Controllers;
			sourceTree = "<group>";
		};
		96B34EF01ED9081F00BE1659 /* Helpers */ = {
			isa = PBXGroup;
			children = (
				96B34F021ED90A0400BE1659 /* RealmDaoHelper.swift */,
			);
			name = Helpers;
			sourceTree = "<group>";
		};
		96B34EF11ED9082C00BE1659 /* Models */ = {
			isa = PBXGroup;
			children = (
				96B34F041ED90A2E00BE1659 /* MemoModel.swift */,
				96B34F061ED90A4700BE1659 /* MemoDao.swift */,
			);
			name = Models;
			sourceTree = "<group>";
		};
		96B34EF21ED9083700BE1659 /* Others */ = {
			isa = PBXGroup;
			children = (
				96B34ECF1ED9071800BE1659 /* AppDelegate.swift */,
				96B34ED61ED9071800BE1659 /* Assets.xcassets */,
				96B34F0A1ED90A9B00BE1659 /* Constants.swift */,
				96B34F0C1ED90AB400BE1659 /* Localizable.strings */,
			);
			name = Others;
			sourceTree = "<group>";
		};
		96B34EF31ED9084100BE1659 /* Utils */ = {
			isa = PBXGroup;
			children = (
				96B34EFC1ED9092000BE1659 /* Striing+Lines.swift */,
			);
			name = Utils;
			sourceTree = "<group>";
		};
		96B34EF41ED9084900BE1659 /* Views */ = {
			isa = PBXGroup;
			children = (
				96B34ED81ED9071800BE1659 /* LaunchScreen.storyboard */,
				96B34F0E1ED90AD700BE1659 /* MemoListTableViewCell.swift */,
				96B34F101ED90AF900BE1659 /* MemoListTableViewProvider.swift */,
			);
			name = Views;
			sourceTree = "<group>";
		};
		96B34EF51ED9085800BE1659 /* MemoList */ = {
			isa = PBXGroup;
			children = (
				96B34F081ED90A6E00BE1659 /* MemoListViewController.swift */,
				96B34F221ED90C5500BE1659 /* MemoListViewController.storyboard */,
			);
			name = MemoList;
			sourceTree = "<group>";
		};
		96B34EF61ED9086000BE1659 /* Memo */ = {
			isa = PBXGroup;
			children = (
				96B34F001ED909DB00BE1659 /* MemoViewController.swift */,
				96B34F241ED90F8100BE1659 /* MemoViewController.storyboard */,
			);
			name = Memo;
			sourceTree = "<group>";
		};
		96B34EF71ED908BA00BE1659 /* Views */ = {
			isa = PBXGroup;
			children = (
				96B34F1E1ED90C0500BE1659 /* MemoListTableViewCellTests.swift */,
				96B34F201ED90C3000BE1659 /* MemoListTableViewProviderTests.swift */,
			);
			name = Views;
			sourceTree = "<group>";
		};
		96B34EF81ED908C200BE1659 /* Utils */ = {
			isa = PBXGroup;
			children = (
				96B34EFE1ED9099900BE1659 /* Striing+LinesTests.swift */,
			);
			name = Utils;
			sourceTree = "<group>";
		};
		96B34EF91ED908CC00BE1659 /* Models */ = {
			isa = PBXGroup;
			children = (
				96B34F181ED90B9A00BE1659 /* MemoDaoTests.swift */,
				96B34F1A1ED90BBC00BE1659 /* MemoModelTests.swift */,
			);
			name = Models;
			sourceTree = "<group>";
		};
		96B34EFA1ED908D600BE1659 /* Moc */ = {
			isa = PBXGroup;
			children = (
				96B34F161ED90B7D00BE1659 /* MocMemoListViewController.swift */,
			);
			name = Moc;
			sourceTree = "<group>";
		};
		96B34EFB1ED908DF00BE1659 /* Controllers */ = {
			isa = PBXGroup;
			children = (
				96B34F121ED90B2D00BE1659 /* MemoListViewControllerTests.swift */,
				96B34F141ED90B5800BE1659 /* MemoViewControllerTests.swift */,
			);
			name = Controllers;
			sourceTree = "<group>";
		};
/* End PBXGroup section */

/* Begin PBXNativeTarget section */
		96B34ECB1ED9071800BE1659 /* kushimemo */ = {
			isa = PBXNativeTarget;
			buildConfigurationList = 96B34EE91ED9071800BE1659 /* Build configuration list for PBXNativeTarget "kushimemo" */;
			buildPhases = (
				49C028B9ED9C5C869FA075D6 /* [CP] Check Pods Manifest.lock */,
				96B34EC81ED9071800BE1659 /* Sources */,
				96B34EC91ED9071800BE1659 /* Frameworks */,
				96B34ECA1ED9071800BE1659 /* Resources */,
				657559AC537B13BF58A94F90 /* [CP] Embed Pods Frameworks */,
				7DD375D563A363FE35739D47 /* [CP] Copy Pods Resources */,
			);
			buildRules = (
			);
			dependencies = (
			);
			name = kushimemo;
			productName = kushimemo;
			productReference = 96B34ECC1ED9071800BE1659 /* kushimemo.app */;
			productType = "com.apple.product-type.application";
		};
		96B34EDF1ED9071800BE1659 /* kushimemoTests */ = {
			isa = PBXNativeTarget;
			buildConfigurationList = 96B34EEC1ED9071800BE1659 /* Build configuration list for PBXNativeTarget "kushimemoTests" */;
			buildPhases = (
				5CB3E634EF7860D95D9CA365 /* [CP] Check Pods Manifest.lock */,
				96B34EDC1ED9071800BE1659 /* Sources */,
				96B34EDD1ED9071800BE1659 /* Frameworks */,
				96B34EDE1ED9071800BE1659 /* Resources */,
				7BE3DAB5599467FCD097A210 /* [CP] Embed Pods Frameworks */,
				32A447C1F30AE99B3F4975ED /* [CP] Copy Pods Resources */,
			);
			buildRules = (
			);
			dependencies = (
				96B34EE21ED9071800BE1659 /* PBXTargetDependency */,
			);
			name = kushimemoTests;
			productName = kushimemoTests;
			productReference = 96B34EE01ED9071800BE1659 /* kushimemoTests.xctest */;
			productType = "com.apple.product-type.bundle.unit-test";
		};
/* End PBXNativeTarget section */

/* Begin PBXProject section */
		96B34EC41ED9071800BE1659 /* Project object */ = {
			isa = PBXProject;
			attributes = {
				LastSwiftUpdateCheck = 0830;
				LastUpgradeCheck = 0830;
				ORGANIZATIONNAME = "Kentao Taguchi";
				TargetAttributes = {
					96B34ECB1ED9071800BE1659 = {
						CreatedOnToolsVersion = 8.3.2;
						DevelopmentTeam = PCCZJUYRT6;
						ProvisioningStyle = Automatic;
					};
					96B34EDF1ED9071800BE1659 = {
						CreatedOnToolsVersion = 8.3.2;
						DevelopmentTeam = PCCZJUYRT6;
						LastSwiftMigration = 0830;
						ProvisioningStyle = Automatic;
						TestTargetID = 96B34ECB1ED9071800BE1659;
					};
				};
			};
			buildConfigurationList = 96B34EC71ED9071800BE1659 /* Build configuration list for PBXProject "kushimemo" */;
			compatibilityVersion = "Xcode 3.2";
			developmentRegion = English;
			hasScannedForEncodings = 0;
			knownRegions = (
				en,
				Base,
			);
			mainGroup = 96B34EC31ED9071800BE1659;
			productRefGroup = 96B34ECD1ED9071800BE1659 /* Products */;
			projectDirPath = "";
			projectRoot = "";
			targets = (
				96B34ECB1ED9071800BE1659 /* kushimemo */,
				96B34EDF1ED9071800BE1659 /* kushimemoTests */,
			);
		};
/* End PBXProject section */

/* Begin PBXResourcesBuildPhase section */
		96B34ECA1ED9071800BE1659 /* Resources */ = {
			isa = PBXResourcesBuildPhase;
			buildActionMask = 2147483647;
			files = (
				96B34EDA1ED9071800BE1659 /* LaunchScreen.storyboard in Resources */,
				96B34F251ED90F8100BE1659 /* MemoViewController.storyboard in Resources */,
				96B34F0D1ED90AB400BE1659 /* Localizable.strings in Resources */,
				96B34ED71ED9071800BE1659 /* Assets.xcassets in Resources */,
				96B34F231ED90C5500BE1659 /* MemoListViewController.storyboard in Resources */,
			);
			runOnlyForDeploymentPostprocessing = 0;
		};
		96B34EDE1ED9071800BE1659 /* Resources */ = {
			isa = PBXResourcesBuildPhase;
			buildActionMask = 2147483647;
			files = (
			);
			runOnlyForDeploymentPostprocessing = 0;
		};
/* End PBXResourcesBuildPhase section */

/* Begin PBXShellScriptBuildPhase section */
		32A447C1F30AE99B3F4975ED /* [CP] Copy Pods Resources */ = {
			isa = PBXShellScriptBuildPhase;
			buildActionMask = 2147483647;
			files = (
			);
			inputPaths = (
			);
			name = "[CP] Copy Pods Resources";
			outputPaths = (
			);
			runOnlyForDeploymentPostprocessing = 0;
			shellPath = /bin/sh;
			shellScript = "\"${SRCROOT}/Pods/Target Support Files/Pods-kushimemoTests/Pods-kushimemoTests-resources.sh\"\n";
			showEnvVarsInLog = 0;
		};
		49C028B9ED9C5C869FA075D6 /* [CP] Check Pods Manifest.lock */ = {
			isa = PBXShellScriptBuildPhase;
			buildActionMask = 2147483647;
			files = (
			);
			inputPaths = (
			);
			name = "[CP] Check Pods Manifest.lock";
			outputPaths = (
			);
			runOnlyForDeploymentPostprocessing = 0;
			shellPath = /bin/sh;
			shellScript = "diff \"${PODS_ROOT}/../Podfile.lock\" \"${PODS_ROOT}/Manifest.lock\" > /dev/null\nif [ $? != 0 ] ; then\n    # print error to STDERR\n    echo \"error: The sandbox is not in sync with the Podfile.lock. Run 'pod install' or update your CocoaPods installation.\" >&2\n    exit 1\nfi\n";
			showEnvVarsInLog = 0;
		};
		5CB3E634EF7860D95D9CA365 /* [CP] Check Pods Manifest.lock */ = {
			isa = PBXShellScriptBuildPhase;
			buildActionMask = 2147483647;
			files = (
			);
			inputPaths = (
			);
			name = "[CP] Check Pods Manifest.lock";
			outputPaths = (
			);
			runOnlyForDeploymentPostprocessing = 0;
			shellPath = /bin/sh;
			shellScript = "diff \"${PODS_ROOT}/../Podfile.lock\" \"${PODS_ROOT}/Manifest.lock\" > /dev/null\nif [ $? != 0 ] ; then\n    # print error to STDERR\n    echo \"error: The sandbox is not in sync with the Podfile.lock. Run 'pod install' or update your CocoaPods installation.\" >&2\n    exit 1\nfi\n";
			showEnvVarsInLog = 0;
		};
		657559AC537B13BF58A94F90 /* [CP] Embed Pods Frameworks */ = {
			isa = PBXShellScriptBuildPhase;
			buildActionMask = 2147483647;
			files = (
			);
			inputPaths = (
			);
			name = "[CP] Embed Pods Frameworks";
			outputPaths = (
			);
			runOnlyForDeploymentPostprocessing = 0;
			shellPath = /bin/sh;
			shellScript = "\"${SRCROOT}/Pods/Target Support Files/Pods-kushimemo/Pods-kushimemo-frameworks.sh\"\n";
			showEnvVarsInLog = 0;
		};
		7BE3DAB5599467FCD097A210 /* [CP] Embed Pods Frameworks */ = {
			isa = PBXShellScriptBuildPhase;
			buildActionMask = 2147483647;
			files = (
			);
			inputPaths = (
			);
			name = "[CP] Embed Pods Frameworks";
			outputPaths = (
			);
			runOnlyForDeploymentPostprocessing = 0;
			shellPath = /bin/sh;
			shellScript = "\"${SRCROOT}/Pods/Target Support Files/Pods-kushimemoTests/Pods-kushimemoTests-frameworks.sh\"\n";
			showEnvVarsInLog = 0;
		};
		7DD375D563A363FE35739D47 /* [CP] Copy Pods Resources */ = {
			isa = PBXShellScriptBuildPhase;
			buildActionMask = 2147483647;
			files = (
			);
			inputPaths = (
			);
			name = "[CP] Copy Pods Resources";
			outputPaths = (
			);
			runOnlyForDeploymentPostprocessing = 0;
			shellPath = /bin/sh;
			shellScript = "\"${SRCROOT}/Pods/Target Support Files/Pods-kushimemo/Pods-kushimemo-resources.sh\"\n";
			showEnvVarsInLog = 0;
		};
/* End PBXShellScriptBuildPhase section */

/* Begin PBXSourcesBuildPhase section */
		96B34EC81ED9071800BE1659 /* Sources */ = {
			isa = PBXSourcesBuildPhase;
			buildActionMask = 2147483647;
			files = (
				96B34F111ED90AF900BE1659 /* MemoListTableViewProvider.swift in Sources */,
				96B34F091ED90A6E00BE1659 /* MemoListViewController.swift in Sources */,
				96B34F011ED909DB00BE1659 /* MemoViewController.swift in Sources */,
				96B34EFD1ED9092000BE1659 /* Striing+Lines.swift in Sources */,
				96B34ED01ED9071800BE1659 /* AppDelegate.swift in Sources */,
				96B34F0F1ED90AD700BE1659 /* MemoListTableViewCell.swift in Sources */,
				96B34F031ED90A0400BE1659 /* RealmDaoHelper.swift in Sources */,
				96B34F051ED90A2E00BE1659 /* MemoModel.swift in Sources */,
				96B34F071ED90A4700BE1659 /* MemoDao.swift in Sources */,
				96B34F0B1ED90A9B00BE1659 /* Constants.swift in Sources */,
			);
			runOnlyForDeploymentPostprocessing = 0;
		};
		96B34EDC1ED9071800BE1659 /* Sources */ = {
			isa = PBXSourcesBuildPhase;
			buildActionMask = 2147483647;
			files = (
				96B34F191ED90B9A00BE1659 /* MemoDaoTests.swift in Sources */,
				96B34F151ED90B5800BE1659 /* MemoViewControllerTests.swift in Sources */,
				96B34F211ED90C3000BE1659 /* MemoListTableViewProviderTests.swift in Sources */,
				96B34F131ED90B2D00BE1659 /* MemoListViewControllerTests.swift in Sources */,
				96B34F1B1ED90BBC00BE1659 /* MemoModelTests.swift in Sources */,
				96B34F1F1ED90C0500BE1659 /* MemoListTableViewCellTests.swift in Sources */,
				96B34F171ED90B7D00BE1659 /* MocMemoListViewController.swift in Sources */,
				96B34EFF1ED9099900BE1659 /* Striing+LinesTests.swift in Sources */,
			);
			runOnlyForDeploymentPostprocessing = 0;
		};
/* End PBXSourcesBuildPhase section */

/* Begin PBXTargetDependency section */
		96B34EE21ED9071800BE1659 /* PBXTargetDependency */ = {
			isa = PBXTargetDependency;
			target = 96B34ECB1ED9071800BE1659 /* kushimemo */;
			targetProxy = 96B34EE11ED9071800BE1659 /* PBXContainerItemProxy */;
		};
/* End PBXTargetDependency section */

/* Begin PBXVariantGroup section */
		96B34ED81ED9071800BE1659 /* LaunchScreen.storyboard */ = {
			isa = PBXVariantGroup;
			children = (
				96B34ED91ED9071800BE1659 /* Base */,
			);
			name = LaunchScreen.storyboard;
			sourceTree = "<group>";
		};
/* End PBXVariantGroup section */

/* Begin XCBuildConfiguration section */
		96B34EE71ED9071800BE1659 /* Debug */ = {
			isa = XCBuildConfiguration;
			buildSettings = {
				ALWAYS_SEARCH_USER_PATHS = NO;
				CLANG_ANALYZER_NONNULL = YES;
				CLANG_ANALYZER_NUMBER_OBJECT_CONVERSION = YES_AGGRESSIVE;
				CLANG_CXX_LANGUAGE_STANDARD = "gnu++0x";
				CLANG_CXX_LIBRARY = "libc++";
				CLANG_ENABLE_MODULES = YES;
				CLANG_ENABLE_OBJC_ARC = YES;
				CLANG_WARN_BOOL_CONVERSION = YES;
				CLANG_WARN_CONSTANT_CONVERSION = YES;
				CLANG_WARN_DIRECT_OBJC_ISA_USAGE = YES_ERROR;
				CLANG_WARN_DOCUMENTATION_COMMENTS = YES;
				CLANG_WARN_EMPTY_BODY = YES;
				CLANG_WARN_ENUM_CONVERSION = YES;
				CLANG_WARN_INFINITE_RECURSION = YES;
				CLANG_WARN_INT_CONVERSION = YES;
				CLANG_WARN_OBJC_ROOT_CLASS = YES_ERROR;
				CLANG_WARN_SUSPICIOUS_MOVE = YES;
				CLANG_WARN_UNREACHABLE_CODE = YES;
				CLANG_WARN__DUPLICATE_METHOD_MATCH = YES;
				"CODE_SIGN_IDENTITY[sdk=iphoneos*]" = "iPhone Developer";
				COPY_PHASE_STRIP = NO;
				DEBUG_INFORMATION_FORMAT = dwarf;
				ENABLE_STRICT_OBJC_MSGSEND = YES;
				ENABLE_TESTABILITY = YES;
				GCC_C_LANGUAGE_STANDARD = gnu99;
				GCC_DYNAMIC_NO_PIC = NO;
				GCC_NO_COMMON_BLOCKS = YES;
				GCC_OPTIMIZATION_LEVEL = 0;
				GCC_PREPROCESSOR_DEFINITIONS = (
					"DEBUG=1",
					"$(inherited)",
				);
				GCC_WARN_64_TO_32_BIT_CONVERSION = YES;
				GCC_WARN_ABOUT_RETURN_TYPE = YES_ERROR;
				GCC_WARN_UNDECLARED_SELECTOR = YES;
				GCC_WARN_UNINITIALIZED_AUTOS = YES_AGGRESSIVE;
				GCC_WARN_UNUSED_FUNCTION = YES;
				GCC_WARN_UNUSED_VARIABLE = YES;
				IPHONEOS_DEPLOYMENT_TARGET = 10.3;
				MTL_ENABLE_DEBUG_INFO = YES;
				ONLY_ACTIVE_ARCH = YES;
				SDKROOT = iphoneos;
				SWIFT_ACTIVE_COMPILATION_CONDITIONS = DEBUG;
				SWIFT_OPTIMIZATION_LEVEL = "-Onone";
			};
			name = Debug;
		};
		96B34EE81ED9071800BE1659 /* Release */ = {
			isa = XCBuildConfiguration;
			buildSettings = {
				ALWAYS_SEARCH_USER_PATHS = NO;
				CLANG_ANALYZER_NONNULL = YES;
				CLANG_ANALYZER_NUMBER_OBJECT_CONVERSION = YES_AGGRESSIVE;
				CLANG_CXX_LANGUAGE_STANDARD = "gnu++0x";
				CLANG_CXX_LIBRARY = "libc++";
				CLANG_ENABLE_MODULES = YES;
				CLANG_ENABLE_OBJC_ARC = YES;
				CLANG_WARN_BOOL_CONVERSION = YES;
				CLANG_WARN_CONSTANT_CONVERSION = YES;
				CLANG_WARN_DIRECT_OBJC_ISA_USAGE = YES_ERROR;
				CLANG_WARN_DOCUMENTATION_COMMENTS = YES;
				CLANG_WARN_EMPTY_BODY = YES;
				CLANG_WARN_ENUM_CONVERSION = YES;
				CLANG_WARN_INFINITE_RECURSION = YES;
				CLANG_WARN_INT_CONVERSION = YES;
				CLANG_WARN_OBJC_ROOT_CLASS = YES_ERROR;
				CLANG_WARN_SUSPICIOUS_MOVE = YES;
				CLANG_WARN_UNREACHABLE_CODE = YES;
				CLANG_WARN__DUPLICATE_METHOD_MATCH = YES;
				"CODE_SIGN_IDENTITY[sdk=iphoneos*]" = "iPhone Developer";
				COPY_PHASE_STRIP = NO;
				DEBUG_INFORMATION_FORMAT = "dwarf-with-dsym";
				ENABLE_NS_ASSERTIONS = NO;
				ENABLE_STRICT_OBJC_MSGSEND = YES;
				GCC_C_LANGUAGE_STANDARD = gnu99;
				GCC_NO_COMMON_BLOCKS = YES;
				GCC_WARN_64_TO_32_BIT_CONVERSION = YES;
				GCC_WARN_ABOUT_RETURN_TYPE = YES_ERROR;
				GCC_WARN_UNDECLARED_SELECTOR = YES;
				GCC_WARN_UNINITIALIZED_AUTOS = YES_AGGRESSIVE;
				GCC_WARN_UNUSED_FUNCTION = YES;
				GCC_WARN_UNUSED_VARIABLE = YES;
				IPHONEOS_DEPLOYMENT_TARGET = 10.3;
				MTL_ENABLE_DEBUG_INFO = NO;
				SDKROOT = iphoneos;
				SWIFT_OPTIMIZATION_LEVEL = "-Owholemodule";
				VALIDATE_PRODUCT = YES;
			};
			name = Release;
		};
		96B34EEA1ED9071800BE1659 /* Debug */ = {
			isa = XCBuildConfiguration;
			baseConfigurationReference = 863B739677A771A0914A0803 /* Pods-kushimemo.debug.xcconfig */;
			buildSettings = {
				ASSETCATALOG_COMPILER_APPICON_NAME = AppIcon;
				DEVELOPMENT_TEAM = PCCZJUYRT6;
				INFOPLIST_FILE = kushimemo/Info.plist;
				IPHONEOS_DEPLOYMENT_TARGET = 9.0;
				LD_RUNPATH_SEARCH_PATHS = "$(inherited) @executable_path/Frameworks";
				PRODUCT_BUNDLE_IDENTIFIER = "jp.st-ventures.kushimemo";
				PRODUCT_NAME = "$(TARGET_NAME)";
				SWIFT_VERSION = 3.0;
			};
			name = Debug;
		};
		96B34EEB1ED9071800BE1659 /* Release */ = {
			isa = XCBuildConfiguration;
			baseConfigurationReference = 7ED58E39CFBFC53A57D2A9FE /* Pods-kushimemo.release.xcconfig */;
			buildSettings = {
				ASSETCATALOG_COMPILER_APPICON_NAME = AppIcon;
				DEVELOPMENT_TEAM = PCCZJUYRT6;
				INFOPLIST_FILE = kushimemo/Info.plist;
				IPHONEOS_DEPLOYMENT_TARGET = 9.0;
				LD_RUNPATH_SEARCH_PATHS = "$(inherited) @executable_path/Frameworks";
				PRODUCT_BUNDLE_IDENTIFIER = "jp.st-ventures.kushimemo";
				PRODUCT_NAME = "$(TARGET_NAME)";
				SWIFT_VERSION = 3.0;
			};
			name = Release;
		};
		96B34EED1ED9071800BE1659 /* Debug */ = {
			isa = XCBuildConfiguration;
			baseConfigurationReference = FBA6E45F8D2FDA8C26F65084 /* Pods-kushimemoTests.debug.xcconfig */;
			buildSettings = {
				ALWAYS_EMBED_SWIFT_STANDARD_LIBRARIES = YES;
				BUNDLE_LOADER = "$(TEST_HOST)";
				CLANG_ENABLE_MODULES = YES;
				DEVELOPMENT_TEAM = PCCZJUYRT6;
				INFOPLIST_FILE = kushimemoTests/Info.plist;
				LD_RUNPATH_SEARCH_PATHS = "$(inherited) @executable_path/Frameworks @loader_path/Frameworks";
				PRODUCT_BUNDLE_IDENTIFIER = "jp.st-ventures.kushimemoTests";
				PRODUCT_NAME = "$(TARGET_NAME)";
				SWIFT_OPTIMIZATION_LEVEL = "-Onone";
				SWIFT_VERSION = 3.0;
				TEST_HOST = "$(BUILT_PRODUCTS_DIR)/kushimemo.app/kushimemo";
			};
			name = Debug;
		};
		96B34EEE1ED9071800BE1659 /* Release */ = {
			isa = XCBuildConfiguration;
			baseConfigurationReference = 0CA55A67E31EEDA001A5E1D9 /* Pods-kushimemoTests.release.xcconfig */;
			buildSettings = {
				ALWAYS_EMBED_SWIFT_STANDARD_LIBRARIES = YES;
				BUNDLE_LOADER = "$(TEST_HOST)";
				CLANG_ENABLE_MODULES = YES;
				DEVELOPMENT_TEAM = PCCZJUYRT6;
				INFOPLIST_FILE = kushimemoTests/Info.plist;
				LD_RUNPATH_SEARCH_PATHS = "$(inherited) @executable_path/Frameworks @loader_path/Frameworks";
				PRODUCT_BUNDLE_IDENTIFIER = "jp.st-ventures.kushimemoTests";
				PRODUCT_NAME = "$(TARGET_NAME)";
				SWIFT_VERSION = 3.0;
				TEST_HOST = "$(BUILT_PRODUCTS_DIR)/kushimemo.app/kushimemo";
			};
			name = Release;
		};
/* End XCBuildConfiguration section */

/* Begin XCConfigurationList section */
		96B34EC71ED9071800BE1659 /* Build configuration list for PBXProject "kushimemo" */ = {
			isa = XCConfigurationList;
			buildConfigurations = (
				96B34EE71ED9071800BE1659 /* Debug */,
				96B34EE81ED9071800BE1659 /* Release */,
			);
			defaultConfigurationIsVisible = 0;
			defaultConfigurationName = Release;
		};
		96B34EE91ED9071800BE1659 /* Build configuration list for PBXNativeTarget "kushimemo" */ = {
			isa = XCConfigurationList;
			buildConfigurations = (
				96B34EEA1ED9071800BE1659 /* Debug */,
				96B34EEB1ED9071800BE1659 /* Release */,
			);
			defaultConfigurationIsVisible = 0;
			defaultConfigurationName = Release;
		};
		96B34EEC1ED9071800BE1659 /* Build configuration list for PBXNativeTarget "kushimemoTests" */ = {
			isa = XCConfigurationList;
			buildConfigurations = (
				96B34EED1ED9071800BE1659 /* Debug */,
				96B34EEE1ED9071800BE1659 /* Release */,
			);
			defaultConfigurationIsVisible = 0;
			defaultConfigurationName = Release;
		};
/* End XCConfigurationList section */
	};
	rootObject = 96B34EC41ED9071800BE1659 /* Project object */;
}
